
Microsoft Visual Studio Solution File, Format Version 12.00
# Visual Studio 2013
VisualStudioVersion = 12.0.30110.0
MinimumVisualStudioVersion = 10.0.40219.1
Project("{FAE04EC0-301F-11D3-BF4B-00C04F79EFBC}") = "FileManager", "FileManager\FileManager.csproj", "{4AA02A18-D67B-4D58-94EF-27E74B597698}"
EndProject
Project("{E24C65DC-7377-472B-9ABA-BC803B73C61A}") = "Web", "Web\", "{8949DA6E-A5AD-40E8-8167-C9FF00F502CF}"
	ProjectSection(WebsiteProperties) = preProject
		TargetFrameworkMoniker = ".NETFramework,Version%3Dv2.0"
		ProjectReferences = "{4AA02A18-D67B-4D58-94EF-27E74B597698}|FileManager.dll;"
		Debug.AspNetCompiler.VirtualPath = "/Web"
		Debug.AspNetCompiler.PhysicalPath = "Web\"
		Debug.AspNetCompiler.TargetPath = "PrecompiledWeb\Web\"
		Debug.AspNetCompiler.Updateable = "true"
		Debug.AspNetCompiler.ForceOverwrite = "true"
		Debug.AspNetCompiler.FixedNames = "false"
		Debug.AspNetCompiler.Debug = "True"
		Release.AspNetCompiler.VirtualPath = "/Web"
		Release.AspNetCompiler.PhysicalPath = "Web\"
		Release.AspNetCompiler.TargetPath = "PrecompiledWeb\Web\"
		Release.AspNetCompiler.Updateable = "true"
		Release.AspNetCompiler.ForceOverwrite = "true"
		Release.AspNetCompiler.FixedNames = "false"
		Release.AspNetCompiler.Debug = "False"
		VWDPort = "3912"
		DefaultWebSiteLanguage = "Visual C#"
	EndProjectSection
EndProject
Global
	GlobalSection(SolutionConfigurationPlatforms) = preSolution
		Debug|.NET = Debug|.NET
		Debug|Any CPU = Debug|Any CPU
		Debug|Mixed Platforms = Debug|Mixed Platforms
		Release|.NET = Release|.NET
		Release|Any CPU = Release|Any CPU
		Release|Mixed Platforms = Release|Mixed Platforms
	EndGlobalSection
	GlobalSection(ProjectConfigurationPlatforms) = postSolution
		{4AA02A18-D67B-4D58-94EF-27E74B597698}.Debug|.NET.ActiveCfg = Debug|Any CPU
		{4AA02A18-D67B-4D58-94EF-27E74B597698}.Debug|Any CPU.ActiveCfg = Debug|Any CPU
		{4AA02A18-D67B-4D58-94EF-27E74B597698}.Debug|Any CPU.Build.0 = Debug|Any CPU
		{4AA02A18-D67B-4D58-94EF-27E74B597698}.Debug|Mixed Platforms.ActiveCfg = Debug|Any CPU
		{4AA02A18-D67B-4D58-94EF-27E74B597698}.Debug|Mixed Platforms.Build.0 = Debug|Any CPU
		{4AA02A18-D67B-4D58-94EF-27E74B597698}.Release|.NET.ActiveCfg = Release|Any CPU
		{4AA02A18-D67B-4D58-94EF-27E74B597698}.Release|Any CPU.ActiveCfg = Release|Any CPU
		{4AA02A18-D67B-4D58-94EF-27E74B597698}.Release|Any CPU.Build.0 = Release|Any CPU
		{4AA02A18-D67B-4D58-94EF-27E74B597698}.Release|Mixed Platforms.ActiveCfg = Release|Any CPU
		{4AA02A18-D67B-4D58-94EF-27E74B597698}.Release|Mixed Platforms.Build.0 = Release|Any CPU
		{8949DA6E-A5AD-40E8-8167-C9FF00F502CF}.Debug|.NET.ActiveCfg = Debug|Any CPU
		{8949DA6E-A5AD-40E8-8167-C9FF00F502CF}.Debug|Any CPU.ActiveCfg = Debug|Any CPU
		{8949DA6E-A5AD-40E8-8167-C9FF00F502CF}.Debug|Any CPU.Build.0 = Debug|Any CPU
		{8949DA6E-A5AD-40E8-8167-C9FF00F502CF}.Debug|Mixed Platforms.ActiveCfg = Debug|Any CPU
		{8949DA6E-A5AD-40E8-8167-C9FF00F502CF}.Debug|Mixed Platforms.Build.0 = Debug|Any CPU
		{8949DA6E-A5AD-40E8-8167-C9FF00F502CF}.Release|.NET.ActiveCfg = Debug|Any CPU
		{8949DA6E-A5AD-40E8-8167-C9FF00F502CF}.Release|Any CPU.ActiveCfg = Debug|Any CPU
		{8949DA6E-A5AD-40E8-8167-C9FF00F502CF}.Release|Any CPU.Build.0 = Debug|Any CPU
		{8949DA6E-A5AD-40E8-8167-C9FF00F502CF}.Release|Mixed Platforms.ActiveCfg = Debug|Any CPU
		{8949DA6E-A5AD-40E8-8167-C9FF00F502CF}.Release|Mixed Platforms.Build.0 = Debug|Any CPU
	EndGlobalSection
	GlobalSection(SolutionProperties) = preSolution
		HideSolutionNode = FALSE
	EndGlobalSection
EndGlobal
