
Microsoft Visual Studio Solution File, Format Version 12.00
# Visual Studio 2013
VisualStudioVersion = 12.0.30110.0
MinimumVisualStudioVersion = 10.0.40219.1
Project("{8BC9CEB8-8B4A-11D0-8D11-00A0C91BC942}") = "SPainter2", "SPainter2\SPainter2.vcxproj", "{142367E1-0BFE-4F0A-A683-7E78E225889D}"
EndProject
Global
	GlobalSection(SolutionConfigurationPlatforms) = preSolution
		Debug|Win32 = Debug|Win32
		Release|Win32 = Release|Win32
	EndGlobalSection
	GlobalSection(ProjectConfigurationPlatforms) = postSolution
		{142367E1-0BFE-4F0A-A683-7E78E225889D}.Debug|Win32.ActiveCfg = Debug|Win32
		{142367E1-0BFE-4F0A-A683-7E78E225889D}.Debug|Win32.Build.0 = Debug|Win32
		{142367E1-0BFE-4F0A-A683-7E78E225889D}.Release|Win32.ActiveCfg = Release|Win32
		{142367E1-0BFE-4F0A-A683-7E78E225889D}.Release|Win32.Build.0 = Release|Win32
	EndGlobalSection
	GlobalSection(SolutionProperties) = preSolution
		HideSolutionNode = FALSE
	EndGlobalSection
EndGlobal
