
Microsoft Visual Studio Solution File, Format Version 12.00
# Visual Studio 2013
VisualStudioVersion = 12.0.21005.1
MinimumVisualStudioVersion = 10.0.40219.1
Project("{FAE04EC0-301F-11D3-BF4B-00C04F79EFBC}") = "Gauntlet", "Gauntlet\Gauntlet.csproj", "{97B840F1-FEFE-4768-9E07-F3353490490C}"
	ProjectSection(ProjectDependencies) = postProject
		{5A65AD05-126A-4BC7-AFA8-43A367809575} = {5A65AD05-126A-4BC7-AFA8-43A367809575}
		{A6419921-DC2C-412D-962F-E85D0AA7A677} = {A6419921-DC2C-412D-962F-E85D0AA7A677}
		{CBDF5684-D80E-49E3-A2B7-76A05D3159DC} = {CBDF5684-D80E-49E3-A2B7-76A05D3159DC}
		{3443CCF0-9CA3-46BD-A1D8-5455AA178F0F} = {3443CCF0-9CA3-46BD-A1D8-5455AA178F0F}
	EndProjectSection
EndProject
Project("{FAE04EC0-301F-11D3-BF4B-00C04F79EFBC}") = "Kadina", "Kadina\Kadina.csproj", "{CBFC2B24-738F-4F0C-8B57-BE478BB15382}"
	ProjectSection(ProjectDependencies) = postProject
		{5A65AD05-126A-4BC7-AFA8-43A367809575} = {5A65AD05-126A-4BC7-AFA8-43A367809575}
		{A6419921-DC2C-412D-962F-E85D0AA7A677} = {A6419921-DC2C-412D-962F-E85D0AA7A677}
		{F3E46681-5E87-486D-BAA5-B7AD89C428A4} = {F3E46681-5E87-486D-BAA5-B7AD89C428A4}
		{CBDF5684-D80E-49E3-A2B7-76A05D3159DC} = {CBDF5684-D80E-49E3-A2B7-76A05D3159DC}
		{3443CCF0-9CA3-46BD-A1D8-5455AA178F0F} = {3443CCF0-9CA3-46BD-A1D8-5455AA178F0F}
	EndProjectSection
EndProject
Project("{FAE04EC0-301F-11D3-BF4B-00C04F79EFBC}") = "Responses", "Responses\Responses.csproj", "{3443CCF0-9CA3-46BD-A1D8-5455AA178F0F}"
	ProjectSection(ProjectDependencies) = postProject
		{5A65AD05-126A-4BC7-AFA8-43A367809575} = {5A65AD05-126A-4BC7-AFA8-43A367809575}
		{CBDF5684-D80E-49E3-A2B7-76A05D3159DC} = {CBDF5684-D80E-49E3-A2B7-76A05D3159DC}
	EndProjectSection
EndProject
Project("{FAE04EC0-301F-11D3-BF4B-00C04F79EFBC}") = "TradeLink.API", "TradeLinkAPI\TradeLink.API.csproj", "{1B99C9ED-7AF1-4D48-AC9D-A97CF30E1A82}"
EndProject
Project("{FAE04EC0-301F-11D3-BF4B-00C04F79EFBC}") = "TradeLink.Common", "TradeLinkCommon\TradeLink.Common.csproj", "{A0FE06A2-F31B-49DE-8901-917B5D593E43}"
EndProject
Project("{FAE04EC0-301F-11D3-BF4B-00C04F79EFBC}") = "TradeLink.AppKit", "TradeLinkAppKit\TradeLink.AppKit.csproj", "{4581ADEF-B013-4EA9-90C5-D585637008CA}"
EndProject
Project("{FAE04EC0-301F-11D3-BF4B-00C04F79EFBC}") = "MathUtilityCommon", "MathUtilityCommon\MathUtilityCommon.csproj", "{E0B0B31C-554F-4FD0-A535-FF52293FC9CB}"
	ProjectSection(ProjectDependencies) = postProject
		{CBDF5684-D80E-49E3-A2B7-76A05D3159DC} = {CBDF5684-D80E-49E3-A2B7-76A05D3159DC}
	EndProjectSection
EndProject
Project("{FAE04EC0-301F-11D3-BF4B-00C04F79EFBC}") = "MathUtilityCommon.API", "MathUtilityCommon.API\MathUtilityCommon.API.csproj", "{F3E46681-5E87-486D-BAA5-B7AD89C428A4}"
EndProject
Project("{FAE04EC0-301F-11D3-BF4B-00C04F79EFBC}") = "WaveletStudio", "wavelet\WaveletStudio\src\WaveletStudio\WaveletStudio.csproj", "{003D0672-355F-416B-9E88-DC95F0762329}"
EndProject
Project("{8BC9CEB8-8B4A-11D0-8D11-00A0C91BC942}") = "libsvm", "svm\libsvm\svm\libsvm\libsvm.vcxproj", "{CBDF5684-D80E-49E3-A2B7-76A05D3159DC}"
EndProject
Project("{FAE04EC0-301F-11D3-BF4B-00C04F79EFBC}") = "svmcallcsharp", "svm\libsvm\svm\svmcallcsharp\svmcallcsharp.csproj", "{A6419921-DC2C-412D-962F-E85D0AA7A677}"
	ProjectSection(ProjectDependencies) = postProject
		{CBDF5684-D80E-49E3-A2B7-76A05D3159DC} = {CBDF5684-D80E-49E3-A2B7-76A05D3159DC}
	EndProjectSection
EndProject
Project("{FAE04EC0-301F-11D3-BF4B-00C04F79EFBC}") = "ATSGlobal.API", "ATSGlobal.API\ATSGlobal.API.csproj", "{FADFCA9F-D0D4-44E1-8FB5-C877464C153F}"
EndProject
Project("{FAE04EC0-301F-11D3-BF4B-00C04F79EFBC}") = "ATSGlobalIndicator", "ATSGlobalIndicator\ATSGlobalIndicator.csproj", "{A7D4237E-7C36-4B03-A1EE-29E320EC314F}"
	ProjectSection(ProjectDependencies) = postProject
		{F3E46681-5E87-486D-BAA5-B7AD89C428A4} = {F3E46681-5E87-486D-BAA5-B7AD89C428A4}
		{CBDF5684-D80E-49E3-A2B7-76A05D3159DC} = {CBDF5684-D80E-49E3-A2B7-76A05D3159DC}
	EndProjectSection
EndProject
Project("{FAE04EC0-301F-11D3-BF4B-00C04F79EFBC}") = "svm_test", "svm_test\svm_test.csproj", "{7CC8D962-B9F0-42C3-B1C9-ADE3F62FCA3D}"
	ProjectSection(ProjectDependencies) = postProject
		{CBDF5684-D80E-49E3-A2B7-76A05D3159DC} = {CBDF5684-D80E-49E3-A2B7-76A05D3159DC}
	EndProjectSection
EndProject
Project("{FAE04EC0-301F-11D3-BF4B-00C04F79EFBC}") = "NSGA2Sharp", "nsga2\NSGA2Sharp\NSGA2Sharp.csproj", "{5A65AD05-126A-4BC7-AFA8-43A367809575}"
EndProject
Global
	GlobalSection(SolutionConfigurationPlatforms) = preSolution
		Debug|Any CPU = Debug|Any CPU
		Debug|Mixed Platforms = Debug|Mixed Platforms
		Debug|Win32 = Debug|Win32
		Debug|x64 = Debug|x64
		Debug|x86 = Debug|x86
		Release|Any CPU = Release|Any CPU
		Release|Mixed Platforms = Release|Mixed Platforms
		Release|Win32 = Release|Win32
		Release|x64 = Release|x64
		Release|x86 = Release|x86
	EndGlobalSection
	GlobalSection(ProjectConfigurationPlatforms) = postSolution
		{97B840F1-FEFE-4768-9E07-F3353490490C}.Debug|Any CPU.ActiveCfg = Debug|Any CPU
		{97B840F1-FEFE-4768-9E07-F3353490490C}.Debug|Any CPU.Build.0 = Debug|Any CPU
		{97B840F1-FEFE-4768-9E07-F3353490490C}.Debug|Mixed Platforms.ActiveCfg = Debug|Any CPU
		{97B840F1-FEFE-4768-9E07-F3353490490C}.Debug|Mixed Platforms.Build.0 = Debug|Any CPU
		{97B840F1-FEFE-4768-9E07-F3353490490C}.Debug|Win32.ActiveCfg = Debug|x64
		{97B840F1-FEFE-4768-9E07-F3353490490C}.Debug|x64.ActiveCfg = Debug|x64
		{97B840F1-FEFE-4768-9E07-F3353490490C}.Debug|x64.Build.0 = Debug|x64
		{97B840F1-FEFE-4768-9E07-F3353490490C}.Debug|x86.ActiveCfg = Debug|x86
		{97B840F1-FEFE-4768-9E07-F3353490490C}.Debug|x86.Build.0 = Debug|x86
		{97B840F1-FEFE-4768-9E07-F3353490490C}.Release|Any CPU.ActiveCfg = Release|Any CPU
		{97B840F1-FEFE-4768-9E07-F3353490490C}.Release|Any CPU.Build.0 = Release|Any CPU
		{97B840F1-FEFE-4768-9E07-F3353490490C}.Release|Mixed Platforms.ActiveCfg = Release|Any CPU
		{97B840F1-FEFE-4768-9E07-F3353490490C}.Release|Mixed Platforms.Build.0 = Release|Any CPU
		{97B840F1-FEFE-4768-9E07-F3353490490C}.Release|Win32.ActiveCfg = Release|x64
		{97B840F1-FEFE-4768-9E07-F3353490490C}.Release|x64.ActiveCfg = Release|x64
		{97B840F1-FEFE-4768-9E07-F3353490490C}.Release|x64.Build.0 = Release|x64
		{97B840F1-FEFE-4768-9E07-F3353490490C}.Release|x86.ActiveCfg = Release|x86
		{97B840F1-FEFE-4768-9E07-F3353490490C}.Release|x86.Build.0 = Release|x86
		{CBFC2B24-738F-4F0C-8B57-BE478BB15382}.Debug|Any CPU.ActiveCfg = Debug|Any CPU
		{CBFC2B24-738F-4F0C-8B57-BE478BB15382}.Debug|Any CPU.Build.0 = Debug|Any CPU
		{CBFC2B24-738F-4F0C-8B57-BE478BB15382}.Debug|Mixed Platforms.ActiveCfg = Debug|x86
		{CBFC2B24-738F-4F0C-8B57-BE478BB15382}.Debug|Mixed Platforms.Build.0 = Debug|x86
		{CBFC2B24-738F-4F0C-8B57-BE478BB15382}.Debug|Win32.ActiveCfg = Debug|x64
		{CBFC2B24-738F-4F0C-8B57-BE478BB15382}.Debug|x64.ActiveCfg = Debug|x64
		{CBFC2B24-738F-4F0C-8B57-BE478BB15382}.Debug|x64.Build.0 = Debug|x64
		{CBFC2B24-738F-4F0C-8B57-BE478BB15382}.Debug|x86.ActiveCfg = Debug|x86
		{CBFC2B24-738F-4F0C-8B57-BE478BB15382}.Debug|x86.Build.0 = Debug|x86
		{CBFC2B24-738F-4F0C-8B57-BE478BB15382}.Release|Any CPU.ActiveCfg = Release|Any CPU
		{CBFC2B24-738F-4F0C-8B57-BE478BB15382}.Release|Any CPU.Build.0 = Release|Any CPU
		{CBFC2B24-738F-4F0C-8B57-BE478BB15382}.Release|Mixed Platforms.ActiveCfg = Release|Any CPU
		{CBFC2B24-738F-4F0C-8B57-BE478BB15382}.Release|Mixed Platforms.Build.0 = Release|Any CPU
		{CBFC2B24-738F-4F0C-8B57-BE478BB15382}.Release|Win32.ActiveCfg = Release|x64
		{CBFC2B24-738F-4F0C-8B57-BE478BB15382}.Release|x64.ActiveCfg = Release|x64
		{CBFC2B24-738F-4F0C-8B57-BE478BB15382}.Release|x64.Build.0 = Release|x64
		{CBFC2B24-738F-4F0C-8B57-BE478BB15382}.Release|x86.ActiveCfg = Release|x86
		{CBFC2B24-738F-4F0C-8B57-BE478BB15382}.Release|x86.Build.0 = Release|x86
		{3443CCF0-9CA3-46BD-A1D8-5455AA178F0F}.Debug|Any CPU.ActiveCfg = Debug|Any CPU
		{3443CCF0-9CA3-46BD-A1D8-5455AA178F0F}.Debug|Any CPU.Build.0 = Debug|Any CPU
		{3443CCF0-9CA3-46BD-A1D8-5455AA178F0F}.Debug|Mixed Platforms.ActiveCfg = Debug|Any CPU
		{3443CCF0-9CA3-46BD-A1D8-5455AA178F0F}.Debug|Mixed Platforms.Build.0 = Debug|Any CPU
		{3443CCF0-9CA3-46BD-A1D8-5455AA178F0F}.Debug|Win32.ActiveCfg = Debug|x64
		{3443CCF0-9CA3-46BD-A1D8-5455AA178F0F}.Debug|x64.ActiveCfg = Debug|x64
		{3443CCF0-9CA3-46BD-A1D8-5455AA178F0F}.Debug|x64.Build.0 = Debug|x64
		{3443CCF0-9CA3-46BD-A1D8-5455AA178F0F}.Debug|x86.ActiveCfg = Debug|x86
		{3443CCF0-9CA3-46BD-A1D8-5455AA178F0F}.Debug|x86.Build.0 = Debug|x86
		{3443CCF0-9CA3-46BD-A1D8-5455AA178F0F}.Release|Any CPU.ActiveCfg = Release|Any CPU
		{3443CCF0-9CA3-46BD-A1D8-5455AA178F0F}.Release|Any CPU.Build.0 = Release|Any CPU
		{3443CCF0-9CA3-46BD-A1D8-5455AA178F0F}.Release|Mixed Platforms.ActiveCfg = Release|Any CPU
		{3443CCF0-9CA3-46BD-A1D8-5455AA178F0F}.Release|Mixed Platforms.Build.0 = Release|Any CPU
		{3443CCF0-9CA3-46BD-A1D8-5455AA178F0F}.Release|Win32.ActiveCfg = Release|x64
		{3443CCF0-9CA3-46BD-A1D8-5455AA178F0F}.Release|x64.ActiveCfg = Release|x64
		{3443CCF0-9CA3-46BD-A1D8-5455AA178F0F}.Release|x64.Build.0 = Release|x64
		{3443CCF0-9CA3-46BD-A1D8-5455AA178F0F}.Release|x86.ActiveCfg = Release|x86
		{3443CCF0-9CA3-46BD-A1D8-5455AA178F0F}.Release|x86.Build.0 = Release|x86
		{1B99C9ED-7AF1-4D48-AC9D-A97CF30E1A82}.Debug|Any CPU.ActiveCfg = Debug|Any CPU
		{1B99C9ED-7AF1-4D48-AC9D-A97CF30E1A82}.Debug|Any CPU.Build.0 = Debug|Any CPU
		{1B99C9ED-7AF1-4D48-AC9D-A97CF30E1A82}.Debug|Mixed Platforms.ActiveCfg = Debug|Any CPU
		{1B99C9ED-7AF1-4D48-AC9D-A97CF30E1A82}.Debug|Mixed Platforms.Build.0 = Debug|Any CPU
		{1B99C9ED-7AF1-4D48-AC9D-A97CF30E1A82}.Debug|Win32.ActiveCfg = Debug|x64
		{1B99C9ED-7AF1-4D48-AC9D-A97CF30E1A82}.Debug|x64.ActiveCfg = Debug|x64
		{1B99C9ED-7AF1-4D48-AC9D-A97CF30E1A82}.Debug|x64.Build.0 = Debug|x64
		{1B99C9ED-7AF1-4D48-AC9D-A97CF30E1A82}.Debug|x86.ActiveCfg = Debug|x86
		{1B99C9ED-7AF1-4D48-AC9D-A97CF30E1A82}.Debug|x86.Build.0 = Debug|x86
		{1B99C9ED-7AF1-4D48-AC9D-A97CF30E1A82}.Release|Any CPU.ActiveCfg = Release|Any CPU
		{1B99C9ED-7AF1-4D48-AC9D-A97CF30E1A82}.Release|Any CPU.Build.0 = Release|Any CPU
		{1B99C9ED-7AF1-4D48-AC9D-A97CF30E1A82}.Release|Mixed Platforms.ActiveCfg = Release|Any CPU
		{1B99C9ED-7AF1-4D48-AC9D-A97CF30E1A82}.Release|Mixed Platforms.Build.0 = Release|Any CPU
		{1B99C9ED-7AF1-4D48-AC9D-A97CF30E1A82}.Release|Win32.ActiveCfg = Release|x64
		{1B99C9ED-7AF1-4D48-AC9D-A97CF30E1A82}.Release|x64.ActiveCfg = Release|x64
		{1B99C9ED-7AF1-4D48-AC9D-A97CF30E1A82}.Release|x64.Build.0 = Release|x64
		{1B99C9ED-7AF1-4D48-AC9D-A97CF30E1A82}.Release|x86.ActiveCfg = Release|x86
		{1B99C9ED-7AF1-4D48-AC9D-A97CF30E1A82}.Release|x86.Build.0 = Release|x86
		{A0FE06A2-F31B-49DE-8901-917B5D593E43}.Debug|Any CPU.ActiveCfg = Debug|Any CPU
		{A0FE06A2-F31B-49DE-8901-917B5D593E43}.Debug|Any CPU.Build.0 = Debug|Any CPU
		{A0FE06A2-F31B-49DE-8901-917B5D593E43}.Debug|Mixed Platforms.ActiveCfg = Debug|Any CPU
		{A0FE06A2-F31B-49DE-8901-917B5D593E43}.Debug|Mixed Platforms.Build.0 = Debug|Any CPU
		{A0FE06A2-F31B-49DE-8901-917B5D593E43}.Debug|Win32.ActiveCfg = Debug|x64
		{A0FE06A2-F31B-49DE-8901-917B5D593E43}.Debug|x64.ActiveCfg = Debug|x64
		{A0FE06A2-F31B-49DE-8901-917B5D593E43}.Debug|x64.Build.0 = Debug|x64
		{A0FE06A2-F31B-49DE-8901-917B5D593E43}.Debug|x86.ActiveCfg = Debug|x86
		{A0FE06A2-F31B-49DE-8901-917B5D593E43}.Debug|x86.Build.0 = Debug|x86
		{A0FE06A2-F31B-49DE-8901-917B5D593E43}.Release|Any CPU.ActiveCfg = Release|Any CPU
		{A0FE06A2-F31B-49DE-8901-917B5D593E43}.Release|Any CPU.Build.0 = Release|Any CPU
		{A0FE06A2-F31B-49DE-8901-917B5D593E43}.Release|Mixed Platforms.ActiveCfg = Release|Any CPU
		{A0FE06A2-F31B-49DE-8901-917B5D593E43}.Release|Mixed Platforms.Build.0 = Release|Any CPU
		{A0FE06A2-F31B-49DE-8901-917B5D593E43}.Release|Win32.ActiveCfg = Release|x64
		{A0FE06A2-F31B-49DE-8901-917B5D593E43}.Release|x64.ActiveCfg = Release|x64
		{A0FE06A2-F31B-49DE-8901-917B5D593E43}.Release|x64.Build.0 = Release|x64
		{A0FE06A2-F31B-49DE-8901-917B5D593E43}.Release|x86.ActiveCfg = Release|x86
		{A0FE06A2-F31B-49DE-8901-917B5D593E43}.Release|x86.Build.0 = Release|x86
		{4581ADEF-B013-4EA9-90C5-D585637008CA}.Debug|Any CPU.ActiveCfg = Debug|Any CPU
		{4581ADEF-B013-4EA9-90C5-D585637008CA}.Debug|Any CPU.Build.0 = Debug|Any CPU
		{4581ADEF-B013-4EA9-90C5-D585637008CA}.Debug|Mixed Platforms.ActiveCfg = Debug|Any CPU
		{4581ADEF-B013-4EA9-90C5-D585637008CA}.Debug|Mixed Platforms.Build.0 = Debug|Any CPU
		{4581ADEF-B013-4EA9-90C5-D585637008CA}.Debug|Win32.ActiveCfg = Debug|x64
		{4581ADEF-B013-4EA9-90C5-D585637008CA}.Debug|x64.ActiveCfg = Debug|x64
		{4581ADEF-B013-4EA9-90C5-D585637008CA}.Debug|x64.Build.0 = Debug|x64
		{4581ADEF-B013-4EA9-90C5-D585637008CA}.Debug|x86.ActiveCfg = Debug|x86
		{4581ADEF-B013-4EA9-90C5-D585637008CA}.Debug|x86.Build.0 = Debug|x86
		{4581ADEF-B013-4EA9-90C5-D585637008CA}.Release|Any CPU.ActiveCfg = Release|Any CPU
		{4581ADEF-B013-4EA9-90C5-D585637008CA}.Release|Any CPU.Build.0 = Release|Any CPU
		{4581ADEF-B013-4EA9-90C5-D585637008CA}.Release|Mixed Platforms.ActiveCfg = Release|Any CPU
		{4581ADEF-B013-4EA9-90C5-D585637008CA}.Release|Mixed Platforms.Build.0 = Release|Any CPU
		{4581ADEF-B013-4EA9-90C5-D585637008CA}.Release|Win32.ActiveCfg = Release|x64
		{4581ADEF-B013-4EA9-90C5-D585637008CA}.Release|x64.ActiveCfg = Release|x64
		{4581ADEF-B013-4EA9-90C5-D585637008CA}.Release|x64.Build.0 = Release|x64
		{4581ADEF-B013-4EA9-90C5-D585637008CA}.Release|x86.ActiveCfg = Release|x86
		{4581ADEF-B013-4EA9-90C5-D585637008CA}.Release|x86.Build.0 = Release|x86
		{E0B0B31C-554F-4FD0-A535-FF52293FC9CB}.Debug|Any CPU.ActiveCfg = Debug|Any CPU
		{E0B0B31C-554F-4FD0-A535-FF52293FC9CB}.Debug|Any CPU.Build.0 = Debug|Any CPU
		{E0B0B31C-554F-4FD0-A535-FF52293FC9CB}.Debug|Mixed Platforms.ActiveCfg = Debug|Any CPU
		{E0B0B31C-554F-4FD0-A535-FF52293FC9CB}.Debug|Mixed Platforms.Build.0 = Debug|Any CPU
		{E0B0B31C-554F-4FD0-A535-FF52293FC9CB}.Debug|Win32.ActiveCfg = Debug|x64
		{E0B0B31C-554F-4FD0-A535-FF52293FC9CB}.Debug|x64.ActiveCfg = Debug|x64
		{E0B0B31C-554F-4FD0-A535-FF52293FC9CB}.Debug|x64.Build.0 = Debug|x64
		{E0B0B31C-554F-4FD0-A535-FF52293FC9CB}.Debug|x86.ActiveCfg = Debug|x86
		{E0B0B31C-554F-4FD0-A535-FF52293FC9CB}.Debug|x86.Build.0 = Debug|x86
		{E0B0B31C-554F-4FD0-A535-FF52293FC9CB}.Release|Any CPU.ActiveCfg = Release|Any CPU
		{E0B0B31C-554F-4FD0-A535-FF52293FC9CB}.Release|Any CPU.Build.0 = Release|Any CPU
		{E0B0B31C-554F-4FD0-A535-FF52293FC9CB}.Release|Mixed Platforms.ActiveCfg = Release|Any CPU
		{E0B0B31C-554F-4FD0-A535-FF52293FC9CB}.Release|Mixed Platforms.Build.0 = Release|Any CPU
		{E0B0B31C-554F-4FD0-A535-FF52293FC9CB}.Release|Win32.ActiveCfg = Release|x64
		{E0B0B31C-554F-4FD0-A535-FF52293FC9CB}.Release|x64.ActiveCfg = Release|x64
		{E0B0B31C-554F-4FD0-A535-FF52293FC9CB}.Release|x64.Build.0 = Release|x64
		{E0B0B31C-554F-4FD0-A535-FF52293FC9CB}.Release|x86.ActiveCfg = Release|x86
		{E0B0B31C-554F-4FD0-A535-FF52293FC9CB}.Release|x86.Build.0 = Release|x86
		{F3E46681-5E87-486D-BAA5-B7AD89C428A4}.Debug|Any CPU.ActiveCfg = Debug|Any CPU
		{F3E46681-5E87-486D-BAA5-B7AD89C428A4}.Debug|Any CPU.Build.0 = Debug|Any CPU
		{F3E46681-5E87-486D-BAA5-B7AD89C428A4}.Debug|Mixed Platforms.ActiveCfg = Debug|Any CPU
		{F3E46681-5E87-486D-BAA5-B7AD89C428A4}.Debug|Mixed Platforms.Build.0 = Debug|Any CPU
		{F3E46681-5E87-486D-BAA5-B7AD89C428A4}.Debug|Win32.ActiveCfg = Debug|x64
		{F3E46681-5E87-486D-BAA5-B7AD89C428A4}.Debug|x64.ActiveCfg = Debug|x64
		{F3E46681-5E87-486D-BAA5-B7AD89C428A4}.Debug|x64.Build.0 = Debug|x64
		{F3E46681-5E87-486D-BAA5-B7AD89C428A4}.Debug|x86.ActiveCfg = Debug|x86
		{F3E46681-5E87-486D-BAA5-B7AD89C428A4}.Debug|x86.Build.0 = Debug|x86
		{F3E46681-5E87-486D-BAA5-B7AD89C428A4}.Release|Any CPU.ActiveCfg = Release|Any CPU
		{F3E46681-5E87-486D-BAA5-B7AD89C428A4}.Release|Any CPU.Build.0 = Release|Any CPU
		{F3E46681-5E87-486D-BAA5-B7AD89C428A4}.Release|Mixed Platforms.ActiveCfg = Release|Any CPU
		{F3E46681-5E87-486D-BAA5-B7AD89C428A4}.Release|Mixed Platforms.Build.0 = Release|Any CPU
		{F3E46681-5E87-486D-BAA5-B7AD89C428A4}.Release|Win32.ActiveCfg = Release|x64
		{F3E46681-5E87-486D-BAA5-B7AD89C428A4}.Release|x64.ActiveCfg = Release|x64
		{F3E46681-5E87-486D-BAA5-B7AD89C428A4}.Release|x86.ActiveCfg = Release|x86
		{F3E46681-5E87-486D-BAA5-B7AD89C428A4}.Release|x86.Build.0 = Release|x86
		{003D0672-355F-416B-9E88-DC95F0762329}.Debug|Any CPU.ActiveCfg = Debug|Any CPU
		{003D0672-355F-416B-9E88-DC95F0762329}.Debug|Any CPU.Build.0 = Debug|Any CPU
		{003D0672-355F-416B-9E88-DC95F0762329}.Debug|Mixed Platforms.ActiveCfg = Debug|Any CPU
		{003D0672-355F-416B-9E88-DC95F0762329}.Debug|Mixed Platforms.Build.0 = Debug|Any CPU
		{003D0672-355F-416B-9E88-DC95F0762329}.Debug|Win32.ActiveCfg = Debug|x64
		{003D0672-355F-416B-9E88-DC95F0762329}.Debug|x64.ActiveCfg = Debug|x64
		{003D0672-355F-416B-9E88-DC95F0762329}.Debug|x64.Build.0 = Debug|x64
		{003D0672-355F-416B-9E88-DC95F0762329}.Debug|x86.ActiveCfg = Debug|x86
		{003D0672-355F-416B-9E88-DC95F0762329}.Debug|x86.Build.0 = Debug|x86
		{003D0672-355F-416B-9E88-DC95F0762329}.Release|Any CPU.ActiveCfg = Release|Any CPU
		{003D0672-355F-416B-9E88-DC95F0762329}.Release|Any CPU.Build.0 = Release|Any CPU
		{003D0672-355F-416B-9E88-DC95F0762329}.Release|Mixed Platforms.ActiveCfg = Release|Any CPU
		{003D0672-355F-416B-9E88-DC95F0762329}.Release|Mixed Platforms.Build.0 = Release|Any CPU
		{003D0672-355F-416B-9E88-DC95F0762329}.Release|Win32.ActiveCfg = Release|x64
		{003D0672-355F-416B-9E88-DC95F0762329}.Release|x64.ActiveCfg = Release|x64
		{003D0672-355F-416B-9E88-DC95F0762329}.Release|x86.ActiveCfg = Release|x86
		{003D0672-355F-416B-9E88-DC95F0762329}.Release|x86.Build.0 = Release|x86
		{CBDF5684-D80E-49E3-A2B7-76A05D3159DC}.Debug|Any CPU.ActiveCfg = Debug|Win32
		{CBDF5684-D80E-49E3-A2B7-76A05D3159DC}.Debug|Any CPU.Build.0 = Debug|Win32
		{CBDF5684-D80E-49E3-A2B7-76A05D3159DC}.Debug|Mixed Platforms.ActiveCfg = Debug|Win32
		{CBDF5684-D80E-49E3-A2B7-76A05D3159DC}.Debug|Mixed Platforms.Build.0 = Debug|Win32
		{CBDF5684-D80E-49E3-A2B7-76A05D3159DC}.Debug|Win32.ActiveCfg = Debug|Win32
		{CBDF5684-D80E-49E3-A2B7-76A05D3159DC}.Debug|Win32.Build.0 = Debug|Win32
		{CBDF5684-D80E-49E3-A2B7-76A05D3159DC}.Debug|x64.ActiveCfg = Debug|Win32
		{CBDF5684-D80E-49E3-A2B7-76A05D3159DC}.Debug|x86.ActiveCfg = Debug|Win32
		{CBDF5684-D80E-49E3-A2B7-76A05D3159DC}.Debug|x86.Build.0 = Debug|Win32
		{CBDF5684-D80E-49E3-A2B7-76A05D3159DC}.Release|Any CPU.ActiveCfg = Release|Win32
		{CBDF5684-D80E-49E3-A2B7-76A05D3159DC}.Release|Any CPU.Build.0 = Release|Win32
		{CBDF5684-D80E-49E3-A2B7-76A05D3159DC}.Release|Mixed Platforms.ActiveCfg = Release|Win32
		{CBDF5684-D80E-49E3-A2B7-76A05D3159DC}.Release|Mixed Platforms.Build.0 = Release|Win32
		{CBDF5684-D80E-49E3-A2B7-76A05D3159DC}.Release|Win32.ActiveCfg = Release|Win32
		{CBDF5684-D80E-49E3-A2B7-76A05D3159DC}.Release|Win32.Build.0 = Release|Win32
		{CBDF5684-D80E-49E3-A2B7-76A05D3159DC}.Release|x64.ActiveCfg = Release|Win32
		{CBDF5684-D80E-49E3-A2B7-76A05D3159DC}.Release|x86.ActiveCfg = Release|Win32
		{CBDF5684-D80E-49E3-A2B7-76A05D3159DC}.Release|x86.Build.0 = Release|Win32
		{A6419921-DC2C-412D-962F-E85D0AA7A677}.Debug|Any CPU.ActiveCfg = Debug|Any CPU
		{A6419921-DC2C-412D-962F-E85D0AA7A677}.Debug|Any CPU.Build.0 = Debug|Any CPU
		{A6419921-DC2C-412D-962F-E85D0AA7A677}.Debug|Mixed Platforms.ActiveCfg = Debug|Any CPU
		{A6419921-DC2C-412D-962F-E85D0AA7A677}.Debug|Mixed Platforms.Build.0 = Debug|Any CPU
		{A6419921-DC2C-412D-962F-E85D0AA7A677}.Debug|Win32.ActiveCfg = Debug|Any CPU
		{A6419921-DC2C-412D-962F-E85D0AA7A677}.Debug|x64.ActiveCfg = Debug|Any CPU
		{A6419921-DC2C-412D-962F-E85D0AA7A677}.Debug|x86.ActiveCfg = Debug|x86
		{A6419921-DC2C-412D-962F-E85D0AA7A677}.Debug|x86.Build.0 = Debug|x86
		{A6419921-DC2C-412D-962F-E85D0AA7A677}.Release|Any CPU.ActiveCfg = Release|Any CPU
		{A6419921-DC2C-412D-962F-E85D0AA7A677}.Release|Any CPU.Build.0 = Release|Any CPU
		{A6419921-DC2C-412D-962F-E85D0AA7A677}.Release|Mixed Platforms.ActiveCfg = Release|Any CPU
		{A6419921-DC2C-412D-962F-E85D0AA7A677}.Release|Mixed Platforms.Build.0 = Release|Any CPU
		{A6419921-DC2C-412D-962F-E85D0AA7A677}.Release|Win32.ActiveCfg = Release|Any CPU
		{A6419921-DC2C-412D-962F-E85D0AA7A677}.Release|x64.ActiveCfg = Release|Any CPU
		{A6419921-DC2C-412D-962F-E85D0AA7A677}.Release|x86.ActiveCfg = Release|x86
		{A6419921-DC2C-412D-962F-E85D0AA7A677}.Release|x86.Build.0 = Release|x86
		{FADFCA9F-D0D4-44E1-8FB5-C877464C153F}.Debug|Any CPU.ActiveCfg = Debug|Any CPU
		{FADFCA9F-D0D4-44E1-8FB5-C877464C153F}.Debug|Any CPU.Build.0 = Debug|Any CPU
		{FADFCA9F-D0D4-44E1-8FB5-C877464C153F}.Debug|Mixed Platforms.ActiveCfg = Debug|x86
		{FADFCA9F-D0D4-44E1-8FB5-C877464C153F}.Debug|Mixed Platforms.Build.0 = Debug|x86
		{FADFCA9F-D0D4-44E1-8FB5-C877464C153F}.Debug|Win32.ActiveCfg = Debug|x86
		{FADFCA9F-D0D4-44E1-8FB5-C877464C153F}.Debug|Win32.Build.0 = Debug|x86
		{FADFCA9F-D0D4-44E1-8FB5-C877464C153F}.Debug|x64.ActiveCfg = Debug|Any CPU
		{FADFCA9F-D0D4-44E1-8FB5-C877464C153F}.Debug|x86.ActiveCfg = Debug|x86
		{FADFCA9F-D0D4-44E1-8FB5-C877464C153F}.Debug|x86.Build.0 = Debug|x86
		{FADFCA9F-D0D4-44E1-8FB5-C877464C153F}.Release|Any CPU.ActiveCfg = Release|Any CPU
		{FADFCA9F-D0D4-44E1-8FB5-C877464C153F}.Release|Any CPU.Build.0 = Release|Any CPU
		{FADFCA9F-D0D4-44E1-8FB5-C877464C153F}.Release|Mixed Platforms.ActiveCfg = Release|x86
		{FADFCA9F-D0D4-44E1-8FB5-C877464C153F}.Release|Mixed Platforms.Build.0 = Release|x86
		{FADFCA9F-D0D4-44E1-8FB5-C877464C153F}.Release|Win32.ActiveCfg = Release|x86
		{FADFCA9F-D0D4-44E1-8FB5-C877464C153F}.Release|Win32.Build.0 = Release|x86
		{FADFCA9F-D0D4-44E1-8FB5-C877464C153F}.Release|x64.ActiveCfg = Release|Any CPU
		{FADFCA9F-D0D4-44E1-8FB5-C877464C153F}.Release|x86.ActiveCfg = Release|x86
		{FADFCA9F-D0D4-44E1-8FB5-C877464C153F}.Release|x86.Build.0 = Release|x86
		{A7D4237E-7C36-4B03-A1EE-29E320EC314F}.Debug|Any CPU.ActiveCfg = Debug|Any CPU
		{A7D4237E-7C36-4B03-A1EE-29E320EC314F}.Debug|Any CPU.Build.0 = Debug|Any CPU
		{A7D4237E-7C36-4B03-A1EE-29E320EC314F}.Debug|Mixed Platforms.ActiveCfg = Debug|x86
		{A7D4237E-7C36-4B03-A1EE-29E320EC314F}.Debug|Mixed Platforms.Build.0 = Debug|x86
		{A7D4237E-7C36-4B03-A1EE-29E320EC314F}.Debug|Win32.ActiveCfg = Debug|x86
		{A7D4237E-7C36-4B03-A1EE-29E320EC314F}.Debug|Win32.Build.0 = Debug|x86
		{A7D4237E-7C36-4B03-A1EE-29E320EC314F}.Debug|x64.ActiveCfg = Debug|Any CPU
		{A7D4237E-7C36-4B03-A1EE-29E320EC314F}.Debug|x86.ActiveCfg = Debug|x86
		{A7D4237E-7C36-4B03-A1EE-29E320EC314F}.Debug|x86.Build.0 = Debug|x86
		{A7D4237E-7C36-4B03-A1EE-29E320EC314F}.Release|Any CPU.ActiveCfg = Release|Any CPU
		{A7D4237E-7C36-4B03-A1EE-29E320EC314F}.Release|Any CPU.Build.0 = Release|Any CPU
		{A7D4237E-7C36-4B03-A1EE-29E320EC314F}.Release|Mixed Platforms.ActiveCfg = Release|x86
		{A7D4237E-7C36-4B03-A1EE-29E320EC314F}.Release|Mixed Platforms.Build.0 = Release|x86
		{A7D4237E-7C36-4B03-A1EE-29E320EC314F}.Release|Win32.ActiveCfg = Release|x86
		{A7D4237E-7C36-4B03-A1EE-29E320EC314F}.Release|Win32.Build.0 = Release|x86
		{A7D4237E-7C36-4B03-A1EE-29E320EC314F}.Release|x64.ActiveCfg = Release|Any CPU
		{A7D4237E-7C36-4B03-A1EE-29E320EC314F}.Release|x86.ActiveCfg = Release|x86
		{A7D4237E-7C36-4B03-A1EE-29E320EC314F}.Release|x86.Build.0 = Release|x86
		{7CC8D962-B9F0-42C3-B1C9-ADE3F62FCA3D}.Debug|Any CPU.ActiveCfg = Debug|Any CPU
		{7CC8D962-B9F0-42C3-B1C9-ADE3F62FCA3D}.Debug|Any CPU.Build.0 = Debug|Any CPU
		{7CC8D962-B9F0-42C3-B1C9-ADE3F62FCA3D}.Debug|Mixed Platforms.ActiveCfg = Debug|Any CPU
		{7CC8D962-B9F0-42C3-B1C9-ADE3F62FCA3D}.Debug|Mixed Platforms.Build.0 = Debug|Any CPU
		{7CC8D962-B9F0-42C3-B1C9-ADE3F62FCA3D}.Debug|Win32.ActiveCfg = Debug|Any CPU
		{7CC8D962-B9F0-42C3-B1C9-ADE3F62FCA3D}.Debug|x64.ActiveCfg = Debug|Any CPU
		{7CC8D962-B9F0-42C3-B1C9-ADE3F62FCA3D}.Debug|x86.ActiveCfg = Debug|x86
		{7CC8D962-B9F0-42C3-B1C9-ADE3F62FCA3D}.Debug|x86.Build.0 = Debug|x86
		{7CC8D962-B9F0-42C3-B1C9-ADE3F62FCA3D}.Release|Any CPU.ActiveCfg = Release|Any CPU
		{7CC8D962-B9F0-42C3-B1C9-ADE3F62FCA3D}.Release|Any CPU.Build.0 = Release|Any CPU
		{7CC8D962-B9F0-42C3-B1C9-ADE3F62FCA3D}.Release|Mixed Platforms.ActiveCfg = Release|Any CPU
		{7CC8D962-B9F0-42C3-B1C9-ADE3F62FCA3D}.Release|Mixed Platforms.Build.0 = Release|Any CPU
		{7CC8D962-B9F0-42C3-B1C9-ADE3F62FCA3D}.Release|Win32.ActiveCfg = Release|Any CPU
		{7CC8D962-B9F0-42C3-B1C9-ADE3F62FCA3D}.Release|x64.ActiveCfg = Release|Any CPU
		{7CC8D962-B9F0-42C3-B1C9-ADE3F62FCA3D}.Release|x86.ActiveCfg = Release|x86
		{7CC8D962-B9F0-42C3-B1C9-ADE3F62FCA3D}.Release|x86.Build.0 = Release|x86
		{5A65AD05-126A-4BC7-AFA8-43A367809575}.Debug|Any CPU.ActiveCfg = Debug|Any CPU
		{5A65AD05-126A-4BC7-AFA8-43A367809575}.Debug|Any CPU.Build.0 = Debug|Any CPU
		{5A65AD05-126A-4BC7-AFA8-43A367809575}.Debug|Mixed Platforms.ActiveCfg = Debug|Any CPU
		{5A65AD05-126A-4BC7-AFA8-43A367809575}.Debug|Mixed Platforms.Build.0 = Debug|Any CPU
		{5A65AD05-126A-4BC7-AFA8-43A367809575}.Debug|Win32.ActiveCfg = Debug|Any CPU
		{5A65AD05-126A-4BC7-AFA8-43A367809575}.Debug|x64.ActiveCfg = Debug|Any CPU
		{5A65AD05-126A-4BC7-AFA8-43A367809575}.Debug|x86.ActiveCfg = Debug|x86
		{5A65AD05-126A-4BC7-AFA8-43A367809575}.Debug|x86.Build.0 = Debug|x86
		{5A65AD05-126A-4BC7-AFA8-43A367809575}.Release|Any CPU.ActiveCfg = Release|Any CPU
		{5A65AD05-126A-4BC7-AFA8-43A367809575}.Release|Any CPU.Build.0 = Release|Any CPU
		{5A65AD05-126A-4BC7-AFA8-43A367809575}.Release|Mixed Platforms.ActiveCfg = Release|Any CPU
		{5A65AD05-126A-4BC7-AFA8-43A367809575}.Release|Mixed Platforms.Build.0 = Release|Any CPU
		{5A65AD05-126A-4BC7-AFA8-43A367809575}.Release|Win32.ActiveCfg = Release|Any CPU
		{5A65AD05-126A-4BC7-AFA8-43A367809575}.Release|x64.ActiveCfg = Release|Any CPU
		{5A65AD05-126A-4BC7-AFA8-43A367809575}.Release|x86.ActiveCfg = Release|Any CPU
	EndGlobalSection
	GlobalSection(SolutionProperties) = preSolution
		HideSolutionNode = FALSE
	EndGlobalSection
EndGlobal
